
Microsoft Visual Studio Solution File, Format Version 12.00
# Visual Studio Version 16
VisualStudioVersion = 16.0.30621.155
MinimumVisualStudioVersion = 10.0.40219.1
Project("{9A19103F-16F7-4668-BE54-9A1E7A4F7556}") = "HellEngine.Core.Tests", "HellEngine.Core.Tests\HellEngine.Core.Tests.csproj", "{BEA79BFA-AB0F-44BD-B75E-DE9FC6ECF1D9}"
EndProject
Project("{2150E333-8FDC-42A3-9474-1A3956D46DE8}") = "HellEngine", "HellEngine", "{858CC3C1-6FB0-44F4-8E84-5D7B6A9BEB5F}"
EndProject
Project("{2150E333-8FDC-42A3-9474-1A3956D46DE8}") = "Tests", "Tests", "{E8F372AF-3DA2-405E-8607-D3EB54E39126}"
EndProject
Project("{9A19103F-16F7-4668-BE54-9A1E7A4F7556}") = "HellEngine.Core", "..\src\HellEngine.Core\HellEngine.Core.csproj", "{123F2F97-C11D-4A8D-9B2E-4DBAD6E1BFC3}"
EndProject
Global
	GlobalSection(SolutionConfigurationPlatforms) = preSolution
		Debug|Any CPU = Debug|Any CPU
		Release|Any CPU = Release|Any CPU
	EndGlobalSection
	GlobalSection(ProjectConfigurationPlatforms) = postSolution
		{BEA79BFA-AB0F-44BD-B75E-DE9FC6ECF1D9}.Debug|Any CPU.ActiveCfg = Debug|Any CPU
		{BEA79BFA-AB0F-44BD-B75E-DE9FC6ECF1D9}.Debug|Any CPU.Build.0 = Debug|Any CPU
		{BEA79BFA-AB0F-44BD-B75E-DE9FC6ECF1D9}.Release|Any CPU.ActiveCfg = Release|Any CPU
		{BEA79BFA-AB0F-44BD-B75E-DE9FC6ECF1D9}.Release|Any CPU.Build.0 = Release|Any CPU
		{123F2F97-C11D-4A8D-9B2E-4DBAD6E1BFC3}.Debug|Any CPU.ActiveCfg = Debug|Any CPU
		{123F2F97-C11D-4A8D-9B2E-4DBAD6E1BFC3}.Debug|Any CPU.Build.0 = Debug|Any CPU
		{123F2F97-C11D-4A8D-9B2E-4DBAD6E1BFC3}.Release|Any CPU.ActiveCfg = Release|Any CPU
		{123F2F97-C11D-4A8D-9B2E-4DBAD6E1BFC3}.Release|Any CPU.Build.0 = Release|Any CPU
	EndGlobalSection
	GlobalSection(SolutionProperties) = preSolution
		HideSolutionNode = FALSE
	EndGlobalSection
	GlobalSection(NestedProjects) = preSolution
		{BEA79BFA-AB0F-44BD-B75E-DE9FC6ECF1D9} = {E8F372AF-3DA2-405E-8607-D3EB54E39126}
		{123F2F97-C11D-4A8D-9B2E-4DBAD6E1BFC3} = {858CC3C1-6FB0-44F4-8E84-5D7B6A9BEB5F}
	EndGlobalSection
	GlobalSection(ExtensibilityGlobals) = postSolution
		SolutionGuid = {39784224-2ED6-41F3-961E-87EF6FB53E2E}
	EndGlobalSection
EndGlobal
