
Microsoft Visual Studio Solution File, Format Version 12.00
# Visual Studio Version 16
VisualStudioVersion = 16.0.30621.155
MinimumVisualStudioVersion = 10.0.40219.1
Project("{9A19103F-16F7-4668-BE54-9A1E7A4F7556}") = "HellEngine.Core", "HellEngine.Core\HellEngine.Core.csproj", "{823AA62B-296A-4599-9CAD-12ADC6FD2492}"
EndProject
Project("{9A19103F-16F7-4668-BE54-9A1E7A4F7556}") = "HellEngine.Utils", "HellEngine.Utils\HellEngine.Utils.csproj", "{E5E77ABD-CC53-4567-AA8F-57F2EED18593}"
EndProject
Global
	GlobalSection(SolutionConfigurationPlatforms) = preSolution
		Debug|Any CPU = Debug|Any CPU
		Release|Any CPU = Release|Any CPU
	EndGlobalSection
	GlobalSection(ProjectConfigurationPlatforms) = postSolution
		{823AA62B-296A-4599-9CAD-12ADC6FD2492}.Debug|Any CPU.ActiveCfg = Debug|Any CPU
		{823AA62B-296A-4599-9CAD-12ADC6FD2492}.Debug|Any CPU.Build.0 = Debug|Any CPU
		{823AA62B-296A-4599-9CAD-12ADC6FD2492}.Release|Any CPU.ActiveCfg = Release|Any CPU
		{823AA62B-296A-4599-9CAD-12ADC6FD2492}.Release|Any CPU.Build.0 = Release|Any CPU
		{E5E77ABD-CC53-4567-AA8F-57F2EED18593}.Debug|Any CPU.ActiveCfg = Debug|Any CPU
		{E5E77ABD-CC53-4567-AA8F-57F2EED18593}.Debug|Any CPU.Build.0 = Debug|Any CPU
		{E5E77ABD-CC53-4567-AA8F-57F2EED18593}.Release|Any CPU.ActiveCfg = Release|Any CPU
		{E5E77ABD-CC53-4567-AA8F-57F2EED18593}.Release|Any CPU.Build.0 = Release|Any CPU
	EndGlobalSection
	GlobalSection(SolutionProperties) = preSolution
		HideSolutionNode = FALSE
	EndGlobalSection
	GlobalSection(ExtensibilityGlobals) = postSolution
		SolutionGuid = {04C12FD3-FA22-4333-BA0E-44999B334538}
	EndGlobalSection
EndGlobal
